
Microsoft Visual Studio Solution File, Format Version 12.00
# Visual Studio Version 16
VisualStudioVersion = 16.0.29009.5
MinimumVisualStudioVersion = 10.0.40219.1
Project("{FAE04EC0-301F-11D3-BF4B-00C04F79EFBC}") = "MVCCoreSeo", "MVCCoreSeo\MVCCoreSeo.csproj", "{969CDB7A-58B3-4FA7-873A-1501A75FCF91}"
EndProject
Global
	GlobalSection(SolutionConfigurationPlatforms) = preSolution
		Debug|Any CPU = Debug|Any CPU
		Release|Any CPU = Release|Any CPU
	EndGlobalSection
	GlobalSection(ProjectConfigurationPlatforms) = postSolution
		{969CDB7A-58B3-4FA7-873A-1501A75FCF91}.Debug|Any CPU.ActiveCfg = Debug|Any CPU
		{969CDB7A-58B3-4FA7-873A-1501A75FCF91}.Debug|Any CPU.Build.0 = Debug|Any CPU
		{969CDB7A-58B3-4FA7-873A-1501A75FCF91}.Release|Any CPU.ActiveCfg = Release|Any CPU
		{969CDB7A-58B3-4FA7-873A-1501A75FCF91}.Release|Any CPU.Build.0 = Release|Any CPU
	EndGlobalSection
	GlobalSection(SolutionProperties) = preSolution
		HideSolutionNode = FALSE
	EndGlobalSection
	GlobalSection(ExtensibilityGlobals) = postSolution
		SolutionGuid = {85A264BD-4735-4513-B852-4A2B270710B0}
	EndGlobalSection
EndGlobal
